PODS:
  - AFNetworking (1.3.4)
  - ASIHTTPRequest (1.8.2):
    - ASIHTTPRequest/ASIWebPageRequest (= 1.8.2)
    - ASIHTTPRequest/CloudFiles (= 1.8.2)
    - ASIHTTPRequest/Core (= 1.8.2)
    - ASIHTTPRequest/S3 (= 1.8.2)
  - ASIHTTPRequest/ASIWebPageRequest (1.8.2):
    - ASIHTTPRequest/Core
  - ASIHTTPRequest/CloudFiles (1.8.2):
    - ASIHTTPRequest/Core
  - ASIHTTPRequest/Core (1.8.2):
    - Reachability
  - ASIHTTPRequest/S3 (1.8.2):
    - ASIHTTPRequest/Core
  - Crashlytics (3.7.0):
    - Fabric (~> 1.6.3)
  - Fabric (1.6.7)
  - Flurry-iOS-SDK/FlurrySDK (7.6.6)
  - GoldenFleece (1.2.2):
    - AFNetworking (~> 1.3.2)
    - ISO8601DateFormatter (~> 0.6)
    - NSDate+Helper (~> 0.0.1)
  - GoogleMaps (1.13.0)
  - iOS-Slide-Menu (1.5)
  - ISO8601DateFormatter (0.7)
  - MHCustomTabBarController (1.2.1)
  - NSDate+Helper (0.0.1)
  - Reachability (3.2)
  - SDWebImage (3.8.2):
    - SDWebImage/Core (= 3.8.2)
  - SDWebImage/Core (3.8.2)
  - TPKeyboardAvoiding (1.2.11)

DEPENDENCIES:
  - ASIHTTPRequest
  - Crashlytics
  - Fabric
  - Flurry-iOS-SDK/FlurrySDK
  - GoldenFleece
  - GoogleMaps
  - iOS-Slide-Menu
  - MHCustomTabBarController
  - Reachability
  - SDWebImage
  - TPKeyboardAvoiding

SPEC CHECKSUMS:
  AFNetworking: cf8e418e16f0c9c7e5c3150d019a3c679d015018
  ASIHTTPRequest: ec013992946676b7978dcbde6396d57312d21db4
  Crashlytics: c3a2333dea9e2733d2777f730910321fc9e25c0d
  Fabric: caf7580c725e64db144f610ac65cd60956911dc7
  Flurry-iOS-SDK: 97bbeec09cca666c2f1772f6e161c4f8ccff611e
  GoldenFleece: 8ebc2dbc6df54f507aed7a121a3e3f99938a97bb
  GoogleMaps: 7a6caeb8336d7cb42982e969fc9b1b20a889fe79
  iOS-Slide-Menu: 40b0cbd8916c42afc755f0869793cd09e7a32102
  ISO8601DateFormatter: ab926648eebe497f4d167c0fd083992f959f1274
  MHCustomTabBarController: 33ec621fe5c76f134bd152165ae2c9b79e766737
  NSDate+Helper: ab731a5f96769c06dccb2f4a49fa14907cabe5e0
  Reachability: 33e18b67625424e47b6cde6d202dce689ad7af96
  SDWebImage: 098e97e6176540799c27e804c96653ee0833d13c
  TPKeyboardAvoiding: e5ce146b313de063957bfa75a13f1e9b0ff18ab7

PODFILE CHECKSUM: 2e397dace089bf1e9f770fa61e259feb98f7dde7

COCOAPODS: 1.4.0
